lockfileVersion: 5.4

specifiers:
  lightningcss: ^1.19.0
  lightningcss-cli: ^1.19.0

devDependencies:
  lightningcss: 1.19.0
  lightningcss-cli: 1.19.0

packages:

  /detect-libc/1.0.3:
    resolution: {integrity: sha512-pGjwhsmsp4kL2RTz08wcOlGN83otlqHeD/Z5T8GXZB+/YcpQ/dgo+lbU8ZsGxV0HIvqqxo9l7mqYwyYMD9bKDg==}
    engines: {node: '>=0.10'}
    hasBin: true
    dev: true

  /lightningcss-cli-darwin-arm64/1.19.0:
    resolution: {integrity: sha512-UQi1gEdV8J5kjBZpF5zH1dddGTh28YMTurA1cZk+bCsXHJ9LTb2DK7l9ViwdZgiXY1nuL6CkqVSVSqku2adsBQ==}
    engines: {node: '>= 12.0.0'}
    cpu: [arm64]
    os: [darwin]
    requiresBuild: true
    dev: true
    optional: true

  /lightningcss-cli-darwin-x64/1.19.0:
    resolution: {integrity: sha512-tA8k044gGh0Fe4Z6KDtgKcyOYksl1Qeme4sRbSgz7iLEIff7YVsmV2eThZbyBE93SiT6mUQtkWete6lHp2ET0Q==}
    engines: {node: '>= 12.0.0'}
    cpu: [x64]
    os: [darwin]
    requiresBuild: true
    dev: true
    optional: true

  /lightningcss-cli-linux-arm-gnueabihf/1.19.0:
    resolution: {integrity: sha512-0iPHLSO6njfH6Xes7XzTYMtjqI7v6QINcNoXHnb/fyEqQzeZHU0rZqtyoohvndQhAUfK3D1ffYs4XTUvvknEHQ==}
    engines: {node: '>= 12.0.0'}
    cpu: [arm]
    os: [linux]
    requiresBuild: true
    dev: true
    optional: true

  /lightningcss-cli-linux-arm64-gnu/1.19.0:
    resolution: {integrity: sha512-wi5EzSnZbtcoEoXH/finYUXn+KMui4FTfwEH8Y3yj4YKgDv98ByFy0wvPUpt+7QacSjwROjROdMwzlCUefIEng==}
    engines: {node: '>= 12.0.0'}
    cpu: [arm64]
    os: [linux]
    requiresBuild: true
    dev: true
    optional: true

  /lightningcss-cli-linux-arm64-musl/1.19.0:
    resolution: {integrity: sha512-NmP6dQ5v29cp7/jF0sz1IyqaUJa4S8Z4wX6QXEGncXU1q6UmO3CsA7eJt3LrSW1LJaylYUVBTxZR6oqJTxbygA==}
    engines: {node: '>= 12.0.0'}
    cpu: [arm64]
    os: [linux]
    requiresBuild: true
    dev: true
    optional: true

  /lightningcss-cli-linux-x64-gnu/1.19.0:
    resolution: {integrity: sha512-CnXuht8siBZgQFttQlp0vbpaWB06x7JO+N//MgQlf2LucTg3JLqhdYf4k1mJmqM5/AJecQCwgGUkY7DRN4t8sg==}
    engines: {node: '>= 12.0.0'}
    cpu: [x64]
    os: [linux]
    requiresBuild: true
    dev: true
    optional: true

  /lightningcss-cli-linux-x64-musl/1.19.0:
    resolution: {integrity: sha512-0B2a7Bqu3/OXC+bgPAXaCAkiS0NFONz1IpKNLBfi7muTEg4enVUTpOSyWKzp12rdRnlTwDZPu/tqrcV1aiXObg==}
    engines: {node: '>= 12.0.0'}
    cpu: [x64]
    os: [linux]
    requiresBuild: true
    dev: true
    optional: true

  /lightningcss-cli-win32-x64-msvc/1.19.0:
    resolution: {integrity: sha512-4Pe9x4fgWMegHqvRhb1KW2YPuDkncmXtVJzVCejVEyOc8T83jFIPEq97tVTT3f++mcixCARG8sOTfdkxcZmhAA==}
    engines: {node: '>= 12.0.0'}
    cpu: [x64]
    os: [win32]
    requiresBuild: true
    dev: true
    optional: true

  /lightningcss-cli/1.19.0:
    resolution: {integrity: sha512-Ih21GtPiGf9T42uv8otrrB8Xd/i/uPCWVp+OdOuhavIPGlw/D6ddZc1Gv0zq0dmlKbCw8WHcWbiQY0D9KiL1uQ==}
    engines: {node: '>= 12.0.0'}
    hasBin: true
    requiresBuild: true
    dependencies:
      detect-libc: 1.0.3
    optionalDependencies:
      lightningcss-cli-darwin-arm64: 1.19.0
      lightningcss-cli-darwin-x64: 1.19.0
      lightningcss-cli-linux-arm-gnueabihf: 1.19.0
      lightningcss-cli-linux-arm64-gnu: 1.19.0
      lightningcss-cli-linux-arm64-musl: 1.19.0
      lightningcss-cli-linux-x64-gnu: 1.19.0
      lightningcss-cli-linux-x64-musl: 1.19.0
      lightningcss-cli-win32-x64-msvc: 1.19.0
    dev: true

  /lightningcss-darwin-arm64/1.19.0:
    resolution: {integrity: sha512-wIJmFtYX0rXHsXHSr4+sC5clwblEMji7HHQ4Ub1/CznVRxtCFha6JIt5JZaNf8vQrfdZnBxLLC6R8pC818jXqg==}
    engines: {node: '>= 12.0.0'}
    cpu: [arm64]
    os: [darwin]
    requiresBuild: true
    dev: true
    optional: true

  /lightningcss-darwin-x64/1.19.0:
    resolution: {integrity: sha512-Lif1wD6P4poaw9c/4Uh2z+gmrWhw/HtXFoeZ3bEsv6Ia4tt8rOJBdkfVaUJ6VXmpKHALve+iTyP2+50xY1wKPw==}
    engines: {node: '>= 12.0.0'}
    cpu: [x64]
    os: [darwin]
    requiresBuild: true
    dev: true
    optional: true

  /lightningcss-linux-arm-gnueabihf/1.19.0:
    resolution: {integrity: sha512-P15VXY5682mTXaiDtbnLYQflc8BYb774j2R84FgDLJTN6Qp0ZjWEFyN1SPqyfTj2B2TFjRHRUvQSSZ7qN4Weig==}
    engines: {node: '>= 12.0.0'}
    cpu: [arm]
    os: [linux]
    requiresBuild: true
    dev: true
    optional: true

  /lightningcss-linux-arm64-gnu/1.19.0:
    resolution: {integrity: sha512-zwXRjWqpev8wqO0sv0M1aM1PpjHz6RVIsBcxKszIG83Befuh4yNysjgHVplF9RTU7eozGe3Ts7r6we1+Qkqsww==}
    engines: {node: '>= 12.0.0'}
    cpu: [arm64]
    os: [linux]
    requiresBuild: true
    dev: true
    optional: true

  /lightningcss-linux-arm64-musl/1.19.0:
    resolution: {integrity: sha512-vSCKO7SDnZaFN9zEloKSZM5/kC5gbzUjoJQ43BvUpyTFUX7ACs/mDfl2Eq6fdz2+uWhUh7vf92c4EaaP4udEtA==}
    engines: {node: '>= 12.0.0'}
    cpu: [arm64]
    os: [linux]
    requiresBuild: true
    dev: true
    optional: true

  /lightningcss-linux-x64-gnu/1.19.0:
    resolution: {integrity: sha512-0AFQKvVzXf9byrXUq9z0anMGLdZJS+XSDqidyijI5njIwj6MdbvX2UZK/c4FfNmeRa2N/8ngTffoIuOUit5eIQ==}
    engines: {node: '>= 12.0.0'}
    cpu: [x64]
    os: [linux]
    requiresBuild: true
    dev: true
    optional: true

  /lightningcss-linux-x64-musl/1.19.0:
    resolution: {integrity: sha512-SJoM8CLPt6ECCgSuWe+g0qo8dqQYVcPiW2s19dxkmSI5+Uu1GIRzyKA0b7QqmEXolA+oSJhQqCmJpzjY4CuZAg==}
    engines: {node: '>= 12.0.0'}
    cpu: [x64]
    os: [linux]
    requiresBuild: true
    dev: true
    optional: true

  /lightningcss-win32-x64-msvc/1.19.0:
    resolution: {integrity: sha512-C+VuUTeSUOAaBZZOPT7Etn/agx/MatzJzGRkeV+zEABmPuntv1zihncsi+AyGmjkkzq3wVedEy7h0/4S84mUtg==}
    engines: {node: '>= 12.0.0'}
    cpu: [x64]
    os: [win32]
    requiresBuild: true
    dev: true
    optional: true

  /lightningcss/1.19.0:
    resolution: {integrity: sha512-yV5UR7og+Og7lQC+70DA7a8ta1uiOPnWPJfxa0wnxylev5qfo4P+4iMpzWAdYWOca4jdNQZii+bDL/l+4hUXIA==}
    engines: {node: '>= 12.0.0'}
    dependencies:
      detect-libc: 1.0.3
    optionalDependencies:
      lightningcss-darwin-arm64: 1.19.0
      lightningcss-darwin-x64: 1.19.0
      lightningcss-linux-arm-gnueabihf: 1.19.0
      lightningcss-linux-arm64-gnu: 1.19.0
      lightningcss-linux-arm64-musl: 1.19.0
      lightningcss-linux-x64-gnu: 1.19.0
      lightningcss-linux-x64-musl: 1.19.0
      lightningcss-win32-x64-msvc: 1.19.0
    dev: true
